
Microsoft Visual Studio Solution File, Format Version 12.00
# Visual Studio Version 16
VisualStudioVersion = 16.0.30114.105
MinimumVisualStudioVersion = 10.0.40219.1
Project("{FAE04EC0-301F-11D3-BF4B-00C04F79EFBC}") = "BlackJack2", "BlackJack\BlackJack2.csproj", "{A9815BA5-0D61-4940-937B-0FB6749EF4EB}"
EndProject
Global
	GlobalSection(SolutionConfigurationPlatforms) = preSolution
		Debug|Any CPU = Debug|Any CPU
		Release|Any CPU = Release|Any CPU
	EndGlobalSection
	GlobalSection(ProjectConfigurationPlatforms) = postSolution
		{A9815BA5-0D61-4940-937B-0FB6749EF4EB}.Debug|Any CPU.ActiveCfg = Debug|Any CPU
		{A9815BA5-0D61-4940-937B-0FB6749EF4EB}.Debug|Any CPU.Build.0 = Debug|Any CPU
		{A9815BA5-0D61-4940-937B-0FB6749EF4EB}.Release|Any CPU.ActiveCfg = Release|Any CPU
		{A9815BA5-0D61-4940-937B-0FB6749EF4EB}.Release|Any CPU.Build.0 = Release|Any CPU
	EndGlobalSection
	GlobalSection(SolutionProperties) = preSolution
		HideSolutionNode = FALSE
	EndGlobalSection
	GlobalSection(ExtensibilityGlobals) = postSolution
		SolutionGuid = {70507517-993A-48FF-81C2-6F072FB62C7B}
	EndGlobalSection
EndGlobal
